
Microsoft Visual Studio Solution File, Format Version 12.00
# Visual Studio 15
VisualStudioVersion = 15.0.28307.136
MinimumVisualStudioVersion = 10.0.40219.1
Project("{FAE04EC0-301F-11D3-BF4B-00C04F79EFBC}") = "AccessAfrica.Android", "AccessAfrica\AccessAfrica.Android\AccessAfrica.Android.csproj", "{C4DB4B4B-F430-40FC-92CF-9513901D5851}"
EndProject
Project("{FAE04EC0-301F-11D3-BF4B-00C04F79EFBC}") = "AccessAfrica.iOS", "AccessAfrica\AccessAfrica.iOS\AccessAfrica.iOS.csproj", "{E5DD5DC7-2E1B-475A-81B1-14D4E4C7AC50}"
EndProject
Project("{FAE04EC0-301F-11D3-BF4B-00C04F79EFBC}") = "AccessAfrica", "AccessAfrica\AccessAfrica\AccessAfrica.csproj", "{C1A2941D-6FD5-4014-81BA-529835C080CF}"
EndProject
Global
	GlobalSection(SolutionConfigurationPlatforms) = preSolution
		Ad-Hoc|Any CPU = Ad-Hoc|Any CPU
		Ad-Hoc|iPhone = Ad-Hoc|iPhone
		Ad-Hoc|iPhoneSimulator = Ad-Hoc|iPhoneSimulator
		AppStore|Any CPU = AppStore|Any CPU
		AppStore|iPhone = AppStore|iPhone
		AppStore|iPhoneSimulator = AppStore|iPhoneSimulator
		Debug|Any CPU = Debug|Any CPU
		Debug|iPhone = Debug|iPhone
		Debug|iPhoneSimulator = Debug|iPhoneSimulator
		Release|Any CPU = Release|Any CPU
		Release|iPhone = Release|iPhone
		Release|iPhoneSimulator = Release|iPhoneSimulator
	EndGlobalSection
	GlobalSection(ProjectConfigurationPlatforms) = postSolution
		{C4DB4B4B-F430-40FC-92CF-9513901D5851}.Ad-Hoc|Any CPU.ActiveCfg = Release|Any CPU
		{C4DB4B4B-F430-40FC-92CF-9513901D5851}.Ad-Hoc|Any CPU.Build.0 = Release|Any CPU
		{C4DB4B4B-F430-40FC-92CF-9513901D5851}.Ad-Hoc|Any CPU.Deploy.0 = Release|Any CPU
		{C4DB4B4B-F430-40FC-92CF-9513901D5851}.Ad-Hoc|iPhone.ActiveCfg = Release|Any CPU
		{C4DB4B4B-F430-40FC-92CF-9513901D5851}.Ad-Hoc|iPhone.Build.0 = Release|Any CPU
		{C4DB4B4B-F430-40FC-92CF-9513901D5851}.Ad-Hoc|iPhone.Deploy.0 = Release|Any CPU
		{C4DB4B4B-F430-40FC-92CF-9513901D5851}.Ad-Hoc|iPhoneSimulator.ActiveCfg = Release|Any CPU
		{C4DB4B4B-F430-40FC-92CF-9513901D5851}.Ad-Hoc|iPhoneSimulator.Build.0 = Release|Any CPU
		{C4DB4B4B-F430-40FC-92CF-9513901D5851}.Ad-Hoc|iPhoneSimulator.Deploy.0 = Release|Any CPU
		{C4DB4B4B-F430-40FC-92CF-9513901D5851}.AppStore|Any CPU.ActiveCfg = Release|Any CPU
		{C4DB4B4B-F430-40FC-92CF-9513901D5851}.AppStore|Any CPU.Build.0 = Release|Any CPU
		{C4DB4B4B-F430-40FC-92CF-9513901D5851}.AppStore|Any CPU.Deploy.0 = Release|Any CPU
		{C4DB4B4B-F430-40FC-92CF-9513901D5851}.AppStore|iPhone.ActiveCfg = Release|Any CPU
		{C4DB4B4B-F430-40FC-92CF-9513901D5851}.AppStore|iPhone.Build.0 = Release|Any CPU
		{C4DB4B4B-F430-40FC-92CF-9513901D5851}.AppStore|iPhone.Deploy.0 = Release|Any CPU
		{C4DB4B4B-F430-40FC-92CF-9513901D5851}.AppStore|iPhoneSimulator.ActiveCfg = Release|Any CPU
		{C4DB4B4B-F430-40FC-92CF-9513901D5851}.AppStore|iPhoneSimulator.Build.0 = Release|Any CPU
		{C4DB4B4B-F430-40FC-92CF-9513901D5851}.AppStore|iPhoneSimulator.Deploy.0 = Release|Any CPU
		{C4DB4B4B-F430-40FC-92CF-9513901D5851}.Debug|Any CPU.ActiveCfg = Debug|Any CPU
		{C4DB4B4B-F430-40FC-92CF-9513901D5851}.Debug|Any CPU.Build.0 = Debug|Any CPU
		{C4DB4B4B-F430-40FC-92CF-9513901D5851}.Debug|Any CPU.Deploy.0 = Debug|Any CPU
		{C4DB4B4B-F430-40FC-92CF-9513901D5851}.Debug|iPhone.ActiveCfg = Debug|Any CPU
		{C4DB4B4B-F430-40FC-92CF-9513901D5851}.Debug|iPhone.Build.0 = Debug|Any CPU
		{C4DB4B4B-F430-40FC-92CF-9513901D5851}.Debug|iPhone.Deploy.0 = Debug|Any CPU
		{C4DB4B4B-F430-40FC-92CF-9513901D5851}.Debug|iPhoneSimulator.ActiveCfg = Debug|Any CPU
		{C4DB4B4B-F430-40FC-92CF-9513901D5851}.Debug|iPhoneSimulator.Build.0 = Debug|Any CPU
		{C4DB4B4B-F430-40FC-92CF-9513901D5851}.Debug|iPhoneSimulator.Deploy.0 = Debug|Any CPU
		{C4DB4B4B-F430-40FC-92CF-9513901D5851}.Release|Any CPU.ActiveCfg = Release|Any CPU
		{C4DB4B4B-F430-40FC-92CF-9513901D5851}.Release|Any CPU.Build.0 = Release|Any CPU
		{C4DB4B4B-F430-40FC-92CF-9513901D5851}.Release|Any CPU.Deploy.0 = Release|Any CPU
		{C4DB4B4B-F430-40FC-92CF-9513901D5851}.Release|iPhone.ActiveCfg = Release|Any CPU
		{C4DB4B4B-F430-40FC-92CF-9513901D5851}.Release|iPhone.Build.0 = Release|Any CPU
		{C4DB4B4B-F430-40FC-92CF-9513901D5851}.Release|iPhone.Deploy.0 = Release|Any CPU
		{C4DB4B4B-F430-40FC-92CF-9513901D5851}.Release|iPhoneSimulator.ActiveCfg = Release|Any CPU
		{C4DB4B4B-F430-40FC-92CF-9513901D5851}.Release|iPhoneSimulator.Build.0 = Release|Any CPU
		{C4DB4B4B-F430-40FC-92CF-9513901D5851}.Release|iPhoneSimulator.Deploy.0 = Release|Any CPU
		{E5DD5DC7-2E1B-475A-81B1-14D4E4C7AC50}.Ad-Hoc|Any CPU.ActiveCfg = Ad-Hoc|iPhone
		{E5DD5DC7-2E1B-475A-81B1-14D4E4C7AC50}.Ad-Hoc|Any CPU.Build.0 = Ad-Hoc|iPhone
		{E5DD5DC7-2E1B-475A-81B1-14D4E4C7AC50}.Ad-Hoc|Any CPU.Deploy.0 = Ad-Hoc|iPhone
		{E5DD5DC7-2E1B-475A-81B1-14D4E4C7AC50}.Ad-Hoc|iPhone.ActiveCfg = Ad-Hoc|iPhone
		{E5DD5DC7-2E1B-475A-81B1-14D4E4C7AC50}.Ad-Hoc|iPhone.Build.0 = Ad-Hoc|iPhone
		{E5DD5DC7-2E1B-475A-81B1-14D4E4C7AC50}.Ad-Hoc|iPhone.Deploy.0 = Ad-Hoc|iPhone
		{E5DD5DC7-2E1B-475A-81B1-14D4E4C7AC50}.Ad-Hoc|iPhoneSimulator.ActiveCfg = Ad-Hoc|iPhoneSimulator
		{E5DD5DC7-2E1B-475A-81B1-14D4E4C7AC50}.Ad-Hoc|iPhoneSimulator.Build.0 = Ad-Hoc|iPhoneSimulator
		{E5DD5DC7-2E1B-475A-81B1-14D4E4C7AC50}.Ad-Hoc|iPhoneSimulator.Deploy.0 = Ad-Hoc|iPhoneSimulator
		{E5DD5DC7-2E1B-475A-81B1-14D4E4C7AC50}.AppStore|Any CPU.ActiveCfg = AppStore|iPhone
		{E5DD5DC7-2E1B-475A-81B1-14D4E4C7AC50}.AppStore|Any CPU.Build.0 = AppStore|iPhone
		{E5DD5DC7-2E1B-475A-81B1-14D4E4C7AC50}.AppStore|Any CPU.Deploy.0 = AppStore|iPhone
		{E5DD5DC7-2E1B-475A-81B1-14D4E4C7AC50}.AppStore|iPhone.ActiveCfg = AppStore|iPhone
		{E5DD5DC7-2E1B-475A-81B1-14D4E4C7AC50}.AppStore|iPhone.Build.0 = AppStore|iPhone
		{E5DD5DC7-2E1B-475A-81B1-14D4E4C7AC50}.AppStore|iPhone.Deploy.0 = AppStore|iPhone
		{E5DD5DC7-2E1B-475A-81B1-14D4E4C7AC50}.AppStore|iPhoneSimulator.ActiveCfg = AppStore|iPhoneSimulator
		{E5DD5DC7-2E1B-475A-81B1-14D4E4C7AC50}.AppStore|iPhoneSimulator.Build.0 = AppStore|iPhoneSimulator
		{E5DD5DC7-2E1B-475A-81B1-14D4E4C7AC50}.AppStore|iPhoneSimulator.Deploy.0 = AppStore|iPhoneSimulator
		{E5DD5DC7-2E1B-475A-81B1-14D4E4C7AC50}.Debug|Any CPU.ActiveCfg = Debug|iPhoneSimulator
		{E5DD5DC7-2E1B-475A-81B1-14D4E4C7AC50}.Debug|Any CPU.Build.0 = Debug|iPhoneSimulator
		{E5DD5DC7-2E1B-475A-81B1-14D4E4C7AC50}.Debug|Any CPU.Deploy.0 = Debug|iPhoneSimulator
		{E5DD5DC7-2E1B-475A-81B1-14D4E4C7AC50}.Debug|iPhone.ActiveCfg = Debug|iPhone
		{E5DD5DC7-2E1B-475A-81B1-14D4E4C7AC50}.Debug|iPhone.Build.0 = Debug|iPhone
		{E5DD5DC7-2E1B-475A-81B1-14D4E4C7AC50}.Debug|iPhone.Deploy.0 = Debug|iPhone
		{E5DD5DC7-2E1B-475A-81B1-14D4E4C7AC50}.Debug|iPhoneSimulator.ActiveCfg = Debug|iPhoneSimulator
		{E5DD5DC7-2E1B-475A-81B1-14D4E4C7AC50}.Debug|iPhoneSimulator.Build.0 = Debug|iPhoneSimulator
		{E5DD5DC7-2E1B-475A-81B1-14D4E4C7AC50}.Debug|iPhoneSimulator.Deploy.0 = Debug|iPhoneSimulator
		{E5DD5DC7-2E1B-475A-81B1-14D4E4C7AC50}.Release|Any CPU.ActiveCfg = Release|iPhone
		{E5DD5DC7-2E1B-475A-81B1-14D4E4C7AC50}.Release|Any CPU.Build.0 = Release|iPhone
		{E5DD5DC7-2E1B-475A-81B1-14D4E4C7AC50}.Release|Any CPU.Deploy.0 = Release|iPhone
		{E5DD5DC7-2E1B-475A-81B1-14D4E4C7AC50}.Release|iPhone.ActiveCfg = Release|iPhone
		{E5DD5DC7-2E1B-475A-81B1-14D4E4C7AC50}.Release|iPhone.Build.0 = Release|iPhone
		{E5DD5DC7-2E1B-475A-81B1-14D4E4C7AC50}.Release|iPhone.Deploy.0 = Release|iPhone
		{E5DD5DC7-2E1B-475A-81B1-14D4E4C7AC50}.Release|iPhoneSimulator.ActiveCfg = Release|iPhoneSimulator
		{E5DD5DC7-2E1B-475A-81B1-14D4E4C7AC50}.Release|iPhoneSimulator.Build.0 = Release|iPhoneSimulator
		{E5DD5DC7-2E1B-475A-81B1-14D4E4C7AC50}.Release|iPhoneSimulator.Deploy.0 = Release|iPhoneSimulator
		{C1A2941D-6FD5-4014-81BA-529835C080CF}.Ad-Hoc|Any CPU.ActiveCfg = Debug|Any CPU
		{C1A2941D-6FD5-4014-81BA-529835C080CF}.Ad-Hoc|Any CPU.Build.0 = Debug|Any CPU
		{C1A2941D-6FD5-4014-81BA-529835C080CF}.Ad-Hoc|Any CPU.Deploy.0 = Debug|Any CPU
		{C1A2941D-6FD5-4014-81BA-529835C080CF}.Ad-Hoc|iPhone.ActiveCfg = Debug|Any CPU
		{C1A2941D-6FD5-4014-81BA-529835C080CF}.Ad-Hoc|iPhone.Build.0 = Debug|Any CPU
		{C1A2941D-6FD5-4014-81BA-529835C080CF}.Ad-Hoc|iPhone.Deploy.0 = Debug|Any CPU
		{C1A2941D-6FD5-4014-81BA-529835C080CF}.Ad-Hoc|iPhoneSimulator.ActiveCfg = Debug|Any CPU
		{C1A2941D-6FD5-4014-81BA-529835C080CF}.Ad-Hoc|iPhoneSimulator.Build.0 = Debug|Any CPU
		{C1A2941D-6FD5-4014-81BA-529835C080CF}.Ad-Hoc|iPhoneSimulator.Deploy.0 = Debug|Any CPU
		{C1A2941D-6FD5-4014-81BA-529835C080CF}.AppStore|Any CPU.ActiveCfg = Debug|Any CPU
		{C1A2941D-6FD5-4014-81BA-529835C080CF}.AppStore|Any CPU.Build.0 = Debug|Any CPU
		{C1A2941D-6FD5-4014-81BA-529835C080CF}.AppStore|Any CPU.Deploy.0 = Debug|Any CPU
		{C1A2941D-6FD5-4014-81BA-529835C080CF}.AppStore|iPhone.ActiveCfg = Debug|Any CPU
		{C1A2941D-6FD5-4014-81BA-529835C080CF}.AppStore|iPhone.Build.0 = Debug|Any CPU
		{C1A2941D-6FD5-4014-81BA-529835C080CF}.AppStore|iPhone.Deploy.0 = Debug|Any CPU
		{C1A2941D-6FD5-4014-81BA-529835C080CF}.AppStore|iPhoneSimulator.ActiveCfg = Debug|Any CPU
		{C1A2941D-6FD5-4014-81BA-529835C080CF}.AppStore|iPhoneSimulator.Build.0 = Debug|Any CPU
		{C1A2941D-6FD5-4014-81BA-529835C080CF}.AppStore|iPhoneSimulator.Deploy.0 = Debug|Any CPU
		{C1A2941D-6FD5-4014-81BA-529835C080CF}.Debug|Any CPU.ActiveCfg = Debug|Any CPU
		{C1A2941D-6FD5-4014-81BA-529835C080CF}.Debug|Any CPU.Build.0 = Debug|Any CPU
		{C1A2941D-6FD5-4014-81BA-529835C080CF}.Debug|Any CPU.Deploy.0 = Debug|Any CPU
		{C1A2941D-6FD5-4014-81BA-529835C080CF}.Debug|iPhone.ActiveCfg = Debug|Any CPU
		{C1A2941D-6FD5-4014-81BA-529835C080CF}.Debug|iPhone.Build.0 = Debug|Any CPU
		{C1A2941D-6FD5-4014-81BA-529835C080CF}.Debug|iPhone.Deploy.0 = Debug|Any CPU
		{C1A2941D-6FD5-4014-81BA-529835C080CF}.Debug|iPhoneSimulator.ActiveCfg = Debug|Any CPU
		{C1A2941D-6FD5-4014-81BA-529835C080CF}.Debug|iPhoneSimulator.Build.0 = Debug|Any CPU
		{C1A2941D-6FD5-4014-81BA-529835C080CF}.Debug|iPhoneSimulator.Deploy.0 = Debug|Any CPU
		{C1A2941D-6FD5-4014-81BA-529835C080CF}.Release|Any CPU.ActiveCfg = Release|Any CPU
		{C1A2941D-6FD5-4014-81BA-529835C080CF}.Release|Any CPU.Build.0 = Release|Any CPU
		{C1A2941D-6FD5-4014-81BA-529835C080CF}.Release|Any CPU.Deploy.0 = Release|Any CPU
		{C1A2941D-6FD5-4014-81BA-529835C080CF}.Release|iPhone.ActiveCfg = Release|Any CPU
		{C1A2941D-6FD5-4014-81BA-529835C080CF}.Release|iPhone.Build.0 = Release|Any CPU
		{C1A2941D-6FD5-4014-81BA-529835C080CF}.Release|iPhone.Deploy.0 = Release|Any CPU
		{C1A2941D-6FD5-4014-81BA-529835C080CF}.Release|iPhoneSimulator.ActiveCfg = Release|Any CPU
		{C1A2941D-6FD5-4014-81BA-529835C080CF}.Release|iPhoneSimulator.Build.0 = Release|Any CPU
		{C1A2941D-6FD5-4014-81BA-529835C080CF}.Release|iPhoneSimulator.Deploy.0 = Release|Any CPU
	EndGlobalSection
	GlobalSection(SolutionProperties) = preSolution
		HideSolutionNode = FALSE
	EndGlobalSection
	GlobalSection(ExtensibilityGlobals) = postSolution
		SolutionGuid = {11188F87-728A-4AE8-B742-54277ECF2AE5}
	EndGlobalSection
EndGlobal
